{
  "nodes": {
    "flake-utils": {
      "inputs": {
        "systems": "systems"
      },
      "locked": {
        "lastModified": 1705309234,
        "narHash": "sha256-uNRRNRKmJyCRC/8y1RqBkqWBLM034y4qN7EprSdmgyA=",
        "owner": "numtide",
        "repo": "flake-utils",
        "rev": "1ef2e671c3b0c19053962c07dbda38332dcebf26",
        "type": "github"
      },
      "original": {
        "owner": "numtide",
        "repo": "flake-utils",
        "type": "github"
      }
    },
    "geomcpp": {
      "inputs": {
        "nixpkgs": [
          "nixpkgs"
        ],
        "tinycmmc": [
          "tinycmmc"
        ]
      },
      "locked": {
        "lastModified": 1685394246,
        "narHash": "sha256-PRm9LTpN2eKVcl1jMSBOPL/KAHtNOWEbt32JSxNHJDQ=",
        "owner": "grumbel",
        "repo": "geomcpp",
        "rev": "6fd6402a02275e8f2ac250a84900843e56aaf04e",
        "type": "github"
      },
      "original": {
        "owner": "grumbel",
        "repo": "geomcpp",
        "type": "github"
      }
    },
    "logmich": {
      "inputs": {
        "nixpkgs": [
          "nixpkgs"
        ],
        "tinycmmc": [
          "tinycmmc"
        ]
      },
      "locked": {
        "lastModified": 1701699800,
        "narHash": "sha256-Vju/twhkSbuRbwtHq5sdH6P/JIMZesqpZCRwpOv0Ey8=",
        "owner": "logmich",
        "repo": "logmich",
        "rev": "8a20ecdefe3bd0d7d1733acf5ec7c9c4a7a48484",
        "type": "github"
      },
      "original": {
        "owner": "logmich",
        "repo": "logmich",
        "type": "github"
      }
    },
    "nixpkgs": {
      "locked": {
        "lastModified": 1707091808,
        "narHash": "sha256-LahKBAfGbY836gtpVNnWwBTIzN7yf/uYM/S0g393r0Y=",
        "owner": "NixOS",
        "repo": "nixpkgs",
        "rev": "9f2ee8c91ac42da3ae6c6a1d21555f283458247e",
        "type": "github"
      },
      "original": {
        "owner": "NixOS",
        "ref": "nixos-23.11",
        "repo": "nixpkgs",
        "type": "github"
      }
    },
    "priocpp": {
      "inputs": {
        "flake-utils": [
          "flake-utils"
        ],
        "logmich": [
          "logmich"
        ],
        "nixpkgs": [
          "nixpkgs"
        ],
        "sexpcpp": [
          "sexpcpp"
        ],
        "tinycmmc": [
          "tinycmmc"
        ]
      },
      "locked": {
        "lastModified": 1701699950,
        "narHash": "sha256-m7JA+J0zKm0C7V/iUK4m9YgG7qWJhYzgWo6+laZhnk0=",
        "owner": "grumbel",
        "repo": "priocpp",
        "rev": "90944b1ed6c2f941adbba5e2e604ba06949b3854",
        "type": "github"
      },
      "original": {
        "owner": "grumbel",
        "repo": "priocpp",
        "type": "github"
      }
    },
    "root": {
      "inputs": {
        "flake-utils": "flake-utils",
        "geomcpp": "geomcpp",
        "logmich": "logmich",
        "nixpkgs": "nixpkgs",
        "priocpp": "priocpp",
        "sexpcpp": "sexpcpp",
        "tinycmmc": "tinycmmc",
        "xdgcpp": "xdgcpp"
      }
    },
    "sexpcpp": {
      "inputs": {
        "flake-utils": [
          "flake-utils"
        ],
        "nixpkgs": [
          "nixpkgs"
        ],
        "tinycmmc": [
          "tinycmmc"
        ]
      },
      "locked": {
        "lastModified": 1701699901,
        "narHash": "sha256-hN84QetcLLOFuU+hnaTZwGeAQ0lBRdLIJkNAH0ulZZA=",
        "owner": "lispparser",
        "repo": "sexp-cpp",
        "rev": "8be22d81cdb18cc3c14d29231978abe13a539792",
        "type": "github"
      },
      "original": {
        "owner": "lispparser",
        "repo": "sexp-cpp",
        "type": "github"
      }
    },
    "systems": {
      "locked": {
        "lastModified": 1681028828,
        "narHash": "sha256-Vy1rq5AaRuLzOxct8nz4T6wlgyUR7zLU309k9mBC768=",
        "owner": "nix-systems",
        "repo": "default",
        "rev": "da67096a3b9bf56a91d16901293e51ba5b49a27e",
        "type": "github"
      },
      "original": {
        "owner": "nix-systems",
        "repo": "default",
        "type": "github"
      }
    },
    "tinycmmc": {
      "inputs": {
        "flake-utils": [
          "flake-utils"
        ],
        "nixpkgs": [
          "nixpkgs"
        ]
      },
      "locked": {
        "lastModified": 1701699760,
        "narHash": "sha256-L0vwqcTQFOiFfRY90nBgDuUsVOYS0+S8BfVxFvaFBNM=",
        "owner": "grumbel",
        "repo": "tinycmmc",
        "rev": "9a51e13802d930feb7261ba8876940659b258cb7",
        "type": "github"
      },
      "original": {
        "owner": "grumbel",
        "repo": "tinycmmc",
        "type": "github"
      }
    },
    "xdgcpp": {
      "inputs": {
        "flake-utils": [
          "flake-utils"
        ],
        "nixpkgs": [
          "nixpkgs"
        ]
      },
      "locked": {
        "lastModified": 1685020673,
        "narHash": "sha256-bH8Xu2KZxASEJKLysuoYu77xVWXVRVWFAIA0KNEwjjE=",
        "owner": "grumbel",
        "repo": "xdgcpp",
        "rev": "7776bc77ad59a8e9b3ea7a30e87bcc7fa7efc31e",
        "type": "github"
      },
      "original": {
        "owner": "grumbel",
        "repo": "xdgcpp",
        "type": "github"
      }
    }
  },
  "root": "root",
  "version": 7
}
