{
  "nodes": {
    "SDL2-win32": {
      "inputs": {
        "SDL2_src": "SDL2_src",
        "flake-utils": "flake-utils",
        "nixpkgs": [
          "nixpkgs"
        ]
      },
      "locked": {
        "lastModified": 1786297641,
        "narHash": "sha256-yu4LwoIC0TCh8EhZzyDj1u99WnkqslMNp5rrg3hqAWM=",
        "ref": "refs/heads/master",
        "rev": "8ca7fe1bc9ef1201f1247fbcc8b560a1a06da8b1",
        "revCount": 8,
        "type": "git",
        "url": "https://github.com/grumnix/SDL2-win32.git"
      },
      "original": {
        "type": "git",
        "url": "https://github.com/grumnix/SDL2-win32.git"
      }
    },
    "SDL2_src": {
      "flake": false,
      "locked": {
        "lastModified": 1748906407,
        "narHash": "sha256-aakdhaTL0dgt2BQEtv3w6pp1mwOrmNzEorh3lLxJgyo=",
        "type": "tarball",
        "url": "https://libsdl.org/release/SDL2-devel-2.32.8-mingw.tar.gz"
      },
      "original": {
        "type": "tarball",
        "url": "https://libsdl.org/release/SDL2-devel-2.32.8-mingw.tar.gz"
      }
    },
    "flake-utils": {
      "inputs": {
        "systems": "systems"
      },
      "locked": {
        "lastModified": 1731533236,
        "narHash": "sha256-l0KFg5HjrsfsO/JpG+r7fRrqm12kzFHyUHqHCVpMMbI=",
        "owner": "numtide",
        "repo": "flake-utils",
        "rev": "11707dc2f618dd54ca8739b309ec4fc024de578b",
        "type": "github"
      },
      "original": {
        "owner": "numtide",
        "repo": "flake-utils",
        "type": "github"
      }
    },
    "flake-utils_2": {
      "inputs": {
        "systems": "systems_2"
      },
      "locked": {
        "lastModified": 1731533236,
        "narHash": "sha256-l0KFg5HjrsfsO/JpG+r7fRrqm12kzFHyUHqHCVpMMbI=",
        "owner": "numtide",
        "repo": "flake-utils",
        "rev": "11707dc2f618dd54ca8739b309ec4fc024de578b",
        "type": "github"
      },
      "original": {
        "owner": "numtide",
        "repo": "flake-utils",
        "type": "github"
      }
    },
    "nixpkgs": {
      "locked": {
        "lastModified": 1786599213,
        "narHash": "sha256-yNJd40f11EzXBjSByCB7IPpeFFAdeoSKKM67dGkfFoU=",
        "owner": "NixOS",
        "repo": "nixpkgs",
        "rev": "0e251e24a4f24e036a084b6b4b2d2491af4167f4",
        "type": "github"
      },
      "original": {
        "owner": "NixOS",
        "ref": "nixos-unstable",
        "repo": "nixpkgs",
        "type": "github"
      }
    },
    "root": {
      "inputs": {
        "SDL2-win32": "SDL2-win32",
        "flake-utils": "flake-utils_2",
        "nixpkgs": "nixpkgs",
        "sdl2-src": "sdl2-src"
      }
    },
    "sdl2-src": {
      "flake": false,
      "locked": {
        "lastModified": 1748905239,
        "narHash": "sha256-wv+Sj0GryLLgJ/ZX0HF6oAHkYhXHf1wNY8kyxfiEjRU=",
        "type": "tarball",
        "url": "https://github.com/libsdl-org/SDL/releases/download/release-2.32.8/SDL2-2.32.8.tar.gz"
      },
      "original": {
        "type": "tarball",
        "url": "https://github.com/libsdl-org/SDL/releases/download/release-2.32.8/SDL2-2.32.8.tar.gz"
      }
    },
    "systems": {
      "locked": {
        "lastModified": 1681028828,
        "narHash": "sha256-Vy1rq5AaRuLzOxct8nz4T6wlgyUR7zLU309k9mBC768=",
        "owner": "nix-systems",
        "repo": "default",
        "rev": "da67096a3b9bf56a91d16901293e51ba5b49a27e",
        "type": "github"
      },
      "original": {
        "owner": "nix-systems",
        "repo": "default",
        "type": "github"
      }
    },
    "systems_2": {
      "locked": {
        "lastModified": 1681028828,
        "narHash": "sha256-Vy1rq5AaRuLzOxct8nz4T6wlgyUR7zLU309k9mBC768=",
        "owner": "nix-systems",
        "repo": "default",
        "rev": "da67096a3b9bf56a91d16901293e51ba5b49a27e",
        "type": "github"
      },
      "original": {
        "owner": "nix-systems",
        "repo": "default",
        "type": "github"
      }
    }
  },
  "root": "root",
  "version": 7
}
