{
  "nodes": {
    "flake-utils": {
      "locked": {
        "lastModified": 1649676176,
        "narHash": "sha256-OWKJratjt2RW151VUlJPRALb7OU2S5s+f0vLj4o1bHM=",
        "owner": "numtide",
        "repo": "flake-utils",
        "rev": "a4b154ebbdc88c8498a5c7b01589addc9e9cb678",
        "type": "github"
      },
      "original": {
        "owner": "numtide",
        "repo": "flake-utils",
        "type": "github"
      }
    },
    "logmich": {
      "inputs": {
        "flake-utils": [
          "flake-utils"
        ],
        "nixpkgs": [
          "nixpkgs"
        ],
        "tinycmmc": [
          "tinycmmc"
        ]
      },
      "locked": {
        "lastModified": 1647108752,
        "narHash": "sha256-l2jWi0/mNVMqXQF3THQPEa9+EubkEW5HXvg2untN4/I=",
        "owner": "logmich",
        "repo": "logmich",
        "rev": "41b8edfd97c2a0834f210bbebe75050f6e336d6f",
        "type": "gitlab"
      },
      "original": {
        "owner": "logmich",
        "repo": "logmich",
        "type": "gitlab"
      }
    },
    "nixpkgs": {
      "locked": {
        "lastModified": 1651743098,
        "narHash": "sha256-NuQNu6yHh54li0kZffM59FRC5bWCJusygL4Cy+3O0fY=",
        "owner": "NixOS",
        "repo": "nixpkgs",
        "rev": "d4191fe35cbe52f755ef73009d4d37b9e002efa2",
        "type": "github"
      },
      "original": {
        "owner": "NixOS",
        "ref": "nixos-21.11",
        "repo": "nixpkgs",
        "type": "github"
      }
    },
    "priocpp": {
      "inputs": {
        "flake-utils": [
          "flake-utils"
        ],
        "logmich": [
          "logmich"
        ],
        "nixpkgs": [
          "nixpkgs"
        ],
        "sexpcpp": [
          "sexpcpp"
        ],
        "tinycmmc": [
          "tinycmmc"
        ]
      },
      "locked": {
        "lastModified": 1651339641,
        "narHash": "sha256-Lb0dT8HGA0XJSe/ZsMPrirOF3/SJm7w+kmXQDCy7iM4=",
        "owner": "grumbel",
        "repo": "priocpp",
        "rev": "2c9d409d64a860e842b5179b84b1e8b0d4b78980",
        "type": "gitlab"
      },
      "original": {
        "owner": "grumbel",
        "repo": "priocpp",
        "type": "gitlab"
      }
    },
    "root": {
      "inputs": {
        "flake-utils": "flake-utils",
        "logmich": "logmich",
        "nixpkgs": "nixpkgs",
        "priocpp": "priocpp",
        "sexpcpp": "sexpcpp",
        "tinycmmc": "tinycmmc",
        "xdgcpp": "xdgcpp"
      }
    },
    "sexpcpp": {
      "inputs": {
        "flake-utils": [
          "flake-utils"
        ],
        "nixpkgs": [
          "nixpkgs"
        ],
        "tinycmmc": [
          "tinycmmc"
        ]
      },
      "locked": {
        "lastModified": 1647119281,
        "narHash": "sha256-syTS3p2eidPmAW2Arj5oStmCl3zpuynBaFEwzpPA09g=",
        "owner": "lispparser",
        "repo": "sexp-cpp",
        "rev": "7fec5e32b6b3ac1226494f3f3f295b540c8589f5",
        "type": "gitlab"
      },
      "original": {
        "owner": "lispparser",
        "repo": "sexp-cpp",
        "type": "gitlab"
      }
    },
    "tinycmmc": {
      "inputs": {
        "flake-utils": [
          "flake-utils"
        ],
        "nixpkgs": [
          "nixpkgs"
        ]
      },
      "locked": {
        "lastModified": 1651061750,
        "narHash": "sha256-UHX7IFAcb8dmcZj5W9YE+y5/p7TY2U3o1re84xgM27c=",
        "owner": "grumbel",
        "repo": "cmake-modules",
        "rev": "820041251099f94d107de9a2f16fd23154621cbc",
        "type": "gitlab"
      },
      "original": {
        "owner": "grumbel",
        "repo": "cmake-modules",
        "type": "gitlab"
      }
    },
    "xdgcpp": {
      "inputs": {
        "flake-utils": [
          "flake-utils"
        ],
        "nixpkgs": [
          "nixpkgs"
        ]
      },
      "locked": {
        "lastModified": 1646074656,
        "narHash": "sha256-dOZ4ERQwtU37pIGnhzXst7C9avBacJzGacS9aYhP8Ig=",
        "owner": "grumbel",
        "repo": "xdgcpp",
        "rev": "47b94da0739cec5793984ca8e02615969cbf8bf3",
        "type": "gitlab"
      },
      "original": {
        "owner": "grumbel",
        "repo": "xdgcpp",
        "type": "gitlab"
      }
    }
  },
  "root": "root",
  "version": 7
}
